// !$*UTF8*$!
{
	archiveVersion = 1;
	classes = {
	};
	objectVersion = 56;
	objects = {

/* Begin PBXBuildFile section */
		7002430229E9975400F39EB5 /* Fireside_Chat_v0App.swift in Sources */ = {isa = PBXBuildFile; fileRef = 7002430129E9975400F39EB5 /* Fireside_Chat_v0App.swift */; };
		7002430429E9975400F39EB5 /* ContentView.swift in Sources */ = {isa = PBXBuildFile; fileRef = 7002430329E9975400F39EB5 /* ContentView.swift */; };
		7002430629E9975600F39EB5 /* Assets.xcassets in Resources */ = {isa = PBXBuildFile; fileRef = 7002430529E9975600F39EB5 /* Assets.xcassets */; };
		7002430929E9975600F39EB5 /* Preview Assets.xcassets in Resources */ = {isa = PBXBuildFile; fileRef = 7002430829E9975600F39EB5 /* Preview Assets.xcassets */; };
		7002430B29E9975600F39EB5 /* Persistence.swift in Sources */ = {isa = PBXBuildFile; fileRef = 7002430A29E9975600F39EB5 /* Persistence.swift */; };
		7002430E29E9975600F39EB5 /* Fireside_Chat_v0.xcdatamodeld in Sources */ = {isa = PBXBuildFile; fileRef = 7002430C29E9975600F39EB5 /* Fireside_Chat_v0.xcdatamodeld */; };
		7002431529E997DB00F39EB5 /* User.swift in Sources */ = {isa = PBXBuildFile; fileRef = 7002431429E997DB00F39EB5 /* User.swift */; };
		7002431729E9A10B00F39EB5 /* RegistrationView.swift in Sources */ = {isa = PBXBuildFile; fileRef = 7002431629E9A10B00F39EB5 /* RegistrationView.swift */; };
		7002431929E9A1C700F39EB5 /* ResourcesView.swift in Sources */ = {isa = PBXBuildFile; fileRef = 7002431829E9A1C700F39EB5 /* ResourcesView.swift */; };
		7002431B29E9A1E200F39EB5 /* MatchingView.swift in Sources */ = {isa = PBXBuildFile; fileRef = 7002431A29E9A1E200F39EB5 /* MatchingView.swift */; };
/* End PBXBuildFile section */

/* Begin PBXFileReference section */
		700242FE29E9975400F39EB5 /* Fireside_Chat_v0.app */ = {isa = PBXFileReference; explicitFileType = wrapper.application; includeInIndex = 0; path = Fireside_Chat_v0.app; sourceTree = BUILT_PRODUCTS_DIR; };
		7002430129E9975400F39EB5 /* Fireside_Chat_v0App.swift */ = {isa = PBXFileReference; lastKnownFileType = sourcecode.swift; path = Fireside_Chat_v0App.swift; sourceTree = "<group>"; };
		7002430329E9975400F39EB5 /* ContentView.swift */ = {isa = PBXFileReference; lastKnownFileType = sourcecode.swift; path = ContentView.swift; sourceTree = "<group>"; };
		7002430529E9975600F39EB5 /* Assets.xcassets */ = {isa = PBXFileReference; lastKnownFileType = folder.assetcatalog; path = Assets.xcassets; sourceTree = "<group>"; };
		7002430829E9975600F39EB5 /* Preview Assets.xcassets */ = {isa = PBXFileReference; lastKnownFileType = folder.assetcatalog; path = "Preview Assets.xcassets"; sourceTree = "<group>"; };
		7002430A29E9975600F39EB5 /* Persistence.swift */ = {isa = PBXFileReference; lastKnownFileType = sourcecode.swift; path = Persistence.swift; sourceTree = "<group>"; };
		7002430D29E9975600F39EB5 /* Fireside_Chat_v0.xcdatamodel */ = {isa = PBXFileReference; lastKnownFileType = wrapper.xcdatamodel; path = Fireside_Chat_v0.xcdatamodel; sourceTree = "<group>"; };
		7002431429E997DB00F39EB5 /* User.swift */ = {isa = PBXFileReference; lastKnownFileType = sourcecode.swift; path = User.swift; sourceTree = "<group>"; };
		7002431629E9A10B00F39EB5 /* RegistrationView.swift */ = {isa = PBXFileReference; lastKnownFileType = sourcecode.swift; path = RegistrationView.swift; sourceTree = "<group>"; };
		7002431829E9A1C700F39EB5 /* ResourcesView.swift */ = {isa = PBXFileReference; lastKnownFileType = sourcecode.swift; path = ResourcesView.swift; sourceTree = "<group>"; };
		7002431A29E9A1E200F39EB5 /* MatchingView.swift */ = {isa = PBXFileReference; lastKnownFileType = sourcecode.swift; path = MatchingView.swift; sourceTree = "<group>"; };
/* End PBXFileReference section */

/* Begin PBXFrameworksBuildPhase section */
		700242FB29E9975400F39EB5 /* Frameworks */ = {
			isa = PBXFrameworksBuildPhase;
			buildActionMask = 2147483647;
			files = (
			);
			runOnlyForDeploymentPostprocessing = 0;
		};
/* End PBXFrameworksBuildPhase section */

/* Begin PBXGroup section */
		700242F529E9975400F39EB5 = {
			isa = PBXGroup;
			children = (
				7002430029E9975400F39EB5 /* Fireside_Chat_v0 */,
				700242FF29E9975400F39EB5 /* Products */,
			);
			sourceTree = "<group>";
		};
		700242FF29E9975400F39EB5 /* Products */ = {
			isa = PBXGroup;
			children = (
				700242FE29E9975400F39EB5 /* Fireside_Chat_v0.app */,
			);
			name = Products;
			sourceTree = "<group>";
		};
		7002430029E9975400F39EB5 /* Fireside_Chat_v0 */ = {
			isa = PBXGroup;
			children = (
				7002430129E9975400F39EB5 /* Fireside_Chat_v0App.swift */,
				7002430329E9975400F39EB5 /* ContentView.swift */,
				7002430529E9975600F39EB5 /* Assets.xcassets */,
				7002430A29E9975600F39EB5 /* Persistence.swift */,
				7002430C29E9975600F39EB5 /* Fireside_Chat_v0.xcdatamodeld */,
				7002430729E9975600F39EB5 /* Preview Content */,
				7002431429E997DB00F39EB5 /* User.swift */,
				7002431629E9A10B00F39EB5 /* RegistrationView.swift */,
				7002431829E9A1C700F39EB5 /* ResourcesView.swift */,
				7002431A29E9A1E200F39EB5 /* MatchingView.swift */,
			);
			path = Fireside_Chat_v0;
			sourceTree = "<group>";
		};
		7002430729E9975600F39EB5 /* Preview Content */ = {
			isa = PBXGroup;
			children = (
				7002430829E9975600F39EB5 /* Preview Assets.xcassets */,
			);
			path = "Preview Content";
			sourceTree = "<group>";
		};
/* End PBXGroup section */

/* Begin PBXNativeTarget section */
		700242FD29E9975400F39EB5 /* Fireside_Chat_v0 */ = {
			isa = PBXNativeTarget;
			buildConfigurationList = 7002431129E9975600F39EB5 /* Build configuration list for PBXNativeTarget "Fireside_Chat_v0" */;
			buildPhases = (
				700242FA29E9975400F39EB5 /* Sources */,
				700242FB29E9975400F39EB5 /* Frameworks */,
				700242FC29E9975400F39EB5 /* Resources */,
			);
			buildRules = (
			);
			dependencies = (
			);
			name = Fireside_Chat_v0;
			productName = Fireside_Chat_v0;
			productReference = 700242FE29E9975400F39EB5 /* Fireside_Chat_v0.app */;
			productType = "com.apple.product-type.application";
		};
/* End PBXNativeTarget section */

/* Begin PBXProject section */
		700242F629E9975400F39EB5 /* Project object */ = {
			isa = PBXProject;
			attributes = {
				BuildIndependentTargetsInParallel = 1;
				LastSwiftUpdateCheck = 1430;
				LastUpgradeCheck = 1430;
				TargetAttributes = {
					700242FD29E9975400F39EB5 = {
						CreatedOnToolsVersion = 14.3;
					};
				};
			};
			buildConfigurationList = 700242F929E9975400F39EB5 /* Build configuration list for PBXProject "Fireside_Chat_v0" */;
			compatibilityVersion = "Xcode 14.0";
			developmentRegion = en;
			hasScannedForEncodings = 0;
			knownRegions = (
				en,
				Base,
			);
			mainGroup = 700242F529E9975400F39EB5;
			productRefGroup = 700242FF29E9975400F39EB5 /* Products */;
			projectDirPath = "";
			projectRoot = "";
			targets = (
				700242FD29E9975400F39EB5 /* Fireside_Chat_v0 */,
			);
		};
/* End PBXProject section */

/* Begin PBXResourcesBuildPhase section */
		700242FC29E9975400F39EB5 /* Resources */ = {
			isa = PBXResourcesBuildPhase;
			buildActionMask = 2147483647;
			files = (
				7002430929E9975600F39EB5 /* Preview Assets.xcassets in Resources */,
				7002430629E9975600F39EB5 /* Assets.xcassets in Resources */,
			);
			runOnlyForDeploymentPostprocessing = 0;
		};
/* End PBXResourcesBuildPhase section */

/* Begin PBXSourcesBuildPhase section */
		700242FA29E9975400F39EB5 /* Sources */ = {
			isa = PBXSourcesBuildPhase;
			buildActionMask = 2147483647;
			files = (
				7002430E29E9975600F39EB5 /* Fireside_Chat_v0.xcdatamodeld in Sources */,
				7002430B29E9975600F39EB5 /* Persistence.swift in Sources */,
				7002430429E9975400F39EB5 /* ContentView.swift in Sources */,
				7002431B29E9A1E200F39EB5 /* MatchingView.swift in Sources */,
				7002431929E9A1C700F39EB5 /* ResourcesView.swift in Sources */,
				7002431729E9A10B00F39EB5 /* RegistrationView.swift in Sources */,
				7002431529E997DB00F39EB5 /* User.swift in Sources */,
				7002430229E9975400F39EB5 /* Fireside_Chat_v0App.swift in Sources */,
			);
			runOnlyForDeploymentPostprocessing = 0;
		};
/* End PBXSourcesBuildPhase section */

/* Begin XCBuildConfiguration section */
		7002430F29E9975600F39EB5 /* Debug */ = {
			isa = XCBuildConfiguration;
			buildSettings = {
				ALWAYS_SEARCH_USER_PATHS = NO;
				CLANG_ANALYZER_NONNULL = YES;
				CLANG_ANALYZER_NUMBER_OBJECT_CONVERSION = YES_AGGRESSIVE;
				CLANG_CXX_LANGUAGE_STANDARD = "gnu++20";
				CLANG_ENABLE_MODULES = YES;
				CLANG_ENABLE_OBJC_ARC = YES;
				CLANG_ENABLE_OBJC_WEAK = YES;
				CLANG_WARN_BLOCK_CAPTURE_AUTORELEASING = YES;
				CLANG_WARN_BOOL_CONVERSION = YES;
				CLANG_WARN_COMMA = YES;
				CLANG_WARN_CONSTANT_CONVERSION = YES;
				CLANG_WARN_DEPRECATED_OBJC_IMPLEMENTATIONS = YES;
				CLANG_WARN_DIRECT_OBJC_ISA_USAGE = YES_ERROR;
				CLANG_WARN_DOCUMENTATION_COMMENTS = YES;
				CLANG_WARN_EMPTY_BODY = YES;
				CLANG_WARN_ENUM_CONVERSION = YES;
				CLANG_WARN_INFINITE_RECURSION = YES;
				CLANG_WARN_INT_CONVERSION = YES;
				CLANG_WARN_NON_LITERAL_NULL_CONVERSION = YES;
				CLANG_WARN_OBJC_IMPLICIT_RETAIN_SELF = YES;
				CLANG_WARN_OBJC_LITERAL_CONVERSION = YES;
				CLANG_WARN_OBJC_ROOT_CLASS = YES_ERROR;
				CLANG_WARN_QUOTED_INCLUDE_IN_FRAMEWORK_HEADER = YES;
				CLANG_WARN_RANGE_LOOP_ANALYSIS = YES;
				CLANG_WARN_STRICT_PROTOTYPES = YES;
				CLANG_WARN_SUSPICIOUS_MOVE = YES;
				CLANG_WARN_UNGUARDED_AVAILABILITY = YES_AGGRESSIVE;
				CLANG_WARN_UNREACHABLE_CODE = YES;
				CLANG_WARN__DUPLICATE_METHOD_MATCH = YES;
				COPY_PHASE_STRIP = NO;
				DEBUG_INFORMATION_FORMAT = dwarf;
				ENABLE_STRICT_OBJC_MSGSEND = YES;
				ENABLE_TESTABILITY = YES;
				GCC_C_LANGUAGE_STANDARD = gnu11;
				GCC_DYNAMIC_NO_PIC = NO;
				GCC_NO_COMMON_BLOCKS = YES;
				GCC_OPTIMIZATION_LEVEL = 0;
				GCC_PREPROCESSOR_DEFINITIONS = (
					"DEBUG=1",
					"$(inherited)",
				);
				GCC_WARN_64_TO_32_BIT_CONVERSION = YES;
				GCC_WARN_ABOUT_RETURN_TYPE = YES_ERROR;
				GCC_WARN_UNDECLARED_SELECTOR = YES;
				GCC_WARN_UNINITIALIZED_AUTOS = YES_AGGRESSIVE;
				GCC_WARN_UNUSED_FUNCTION = YES;
				GCC_WARN_UNUSED_VARIABLE = YES;
				IPHONEOS_DEPLOYMENT_TARGET = 16.4;
				MTL_ENABLE_DEBUG_INFO = INCLUDE_SOURCE;
				MTL_FAST_MATH = YES;
				ONLY_ACTIVE_ARCH = YES;
				SDKROOT = iphoneos;
				SWIFT_ACTIVE_COMPILATION_CONDITIONS = DEBUG;
				SWIFT_OPTIMIZATION_LEVEL = "-Onone";
			};
			name = Debug;
		};
		7002431029E9975600F39EB5 /* Release */ = {
			isa = XCBuildConfiguration;
			buildSettings = {
				ALWAYS_SEARCH_USER_PATHS = NO;
				CLANG_ANALYZER_NONNULL = YES;
				CLANG_ANALYZER_NUMBER_OBJECT_CONVERSION = YES_AGGRESSIVE;
				CLANG_CXX_LANGUAGE_STANDARD = "gnu++20";
				CLANG_ENABLE_MODULES = YES;
				CLANG_ENABLE_OBJC_ARC = YES;
				CLANG_ENABLE_OBJC_WEAK = YES;
				CLANG_WARN_BLOCK_CAPTURE_AUTORELEASING = YES;
				CLANG_WARN_BOOL_CONVERSION = YES;
				CLANG_WARN_COMMA = YES;
				CLANG_WARN_CONSTANT_CONVERSION = YES;
				CLANG_WARN_DEPRECATED_OBJC_IMPLEMENTATIONS = YES;
				CLANG_WARN_DIRECT_OBJC_ISA_USAGE = YES_ERROR;
				CLANG_WARN_DOCUMENTATION_COMMENTS = YES;
				CLANG_WARN_EMPTY_BODY = YES;
				CLANG_WARN_ENUM_CONVERSION = YES;
				CLANG_WARN_INFINITE_RECURSION = YES;
				CLANG_WARN_INT_CONVERSION = YES;
				CLANG_WARN_NON_LITERAL_NULL_CONVERSION = YES;
				CLANG_WARN_OBJC_IMPLICIT_RETAIN_SELF = YES;
				CLANG_WARN_OBJC_LITERAL_CONVERSION = YES;
				CLANG_WARN_OBJC_ROOT_CLASS = YES_ERROR;
				CLANG_WARN_QUOTED_INCLUDE_IN_FRAMEWORK_HEADER = YES;
				CLANG_WARN_RANGE_LOOP_ANALYSIS = YES;
				CLANG_WARN_STRICT_PROTOTYPES = YES;
				CLANG_WARN_SUSPICIOUS_MOVE = YES;
				CLANG_WARN_UNGUARDED_AVAILABILITY = YES_AGGRESSIVE;
				CLANG_WARN_UNREACHABLE_CODE = YES;
				CLANG_WARN__DUPLICATE_METHOD_MATCH = YES;
				COPY_PHASE_STRIP = NO;
				DEBUG_INFORMATION_FORMAT = "dwarf-with-dsym";
				ENABLE_NS_ASSERTIONS = NO;
				ENABLE_STRICT_OBJC_MSGSEND = YES;
				GCC_C_LANGUAGE_STANDARD = gnu11;
				GCC_NO_COMMON_BLOCKS = YES;
				GCC_WARN_64_TO_32_BIT_CONVERSION = YES;
				GCC_WARN_ABOUT_RETURN_TYPE = YES_ERROR;
				GCC_WARN_UNDECLARED_SELECTOR = YES;
				GCC_WARN_UNINITIALIZED_AUTOS = YES_AGGRESSIVE;
				GCC_WARN_UNUSED_FUNCTION = YES;
				GCC_WARN_UNUSED_VARIABLE = YES;
				IPHONEOS_DEPLOYMENT_TARGET = 16.4;
				MTL_ENABLE_DEBUG_INFO = NO;
				MTL_FAST_MATH = YES;
				SDKROOT = iphoneos;
				SWIFT_COMPILATION_MODE = wholemodule;
				SWIFT_OPTIMIZATION_LEVEL = "-O";
				VALIDATE_PRODUCT = YES;
			};
			name = Release;
		};
		7002431229E9975600F39EB5 /* Debug */ = {
			isa = XCBuildConfiguration;
			buildSettings = {
				ASSETCATALOG_COMPILER_APPICON_NAME = AppIcon;
				ASSETCATALOG_COMPILER_GLOBAL_ACCENT_COLOR_NAME = AccentColor;
				CODE_SIGN_STYLE = Automatic;
				CURRENT_PROJECT_VERSION = 1;
				DEVELOPMENT_ASSET_PATHS = "\"Fireside_Chat_v0/Preview Content\"";
				DEVELOPMENT_TEAM = M9655X633X;
				ENABLE_PREVIEWS = YES;
				GENERATE_INFOPLIST_FILE = YES;
				INFOPLIST_KEY_UIApplicationSceneManifest_Generation = YES;
				INFOPLIST_KEY_UIApplicationSupportsIndirectInputEvents = YES;
				INFOPLIST_KEY_UILaunchScreen_Generation = YES;
				INFOPLIST_KEY_UISupportedInterfaceOrientations_iPad = "UIInterfaceOrientationPortrait UIInterfaceOrientationPortraitUpsideDown UIInterfaceOrientationLandscapeLeft UIInterfaceOrientationLandscapeRight";
				INFOPLIST_KEY_UISupportedInterfaceOrientations_iPhone = "UIInterfaceOrientationPortrait UIInterfaceOrientationLandscapeLeft UIInterfaceOrientationLandscapeRight";
				LD_RUNPATH_SEARCH_PATHS = (
					"$(inherited)",
					"@executable_path/Frameworks",
				);
				MARKETING_VERSION = 1.0;
				PRODUCT_BUNDLE_IDENTIFIER = "com.leroe.Fireside-Chat-v0";
				PRODUCT_NAME = "$(TARGET_NAME)";
				SWIFT_EMIT_LOC_STRINGS = YES;
				SWIFT_VERSION = 5.0;
				TARGETED_DEVICE_FAMILY = "1,2";
			};
			name = Debug;
		};
		7002431329E9975600F39EB5 /* Release */ = {
			isa = XCBuildConfiguration;
			buildSettings = {
				ASSETCATALOG_COMPILER_APPICON_NAME = AppIcon;
				ASSETCATALOG_COMPILER_GLOBAL_ACCENT_COLOR_NAME = AccentColor;
				CODE_SIGN_STYLE = Automatic;
				CURRENT_PROJECT_VERSION = 1;
				DEVELOPMENT_ASSET_PATHS = "\"Fireside_Chat_v0/Preview Content\"";
				DEVELOPMENT_TEAM = M9655X633X;
				ENABLE_PREVIEWS = YES;
				GENERATE_INFOPLIST_FILE = YES;
				INFOPLIST_KEY_UIApplicationSceneManifest_Generation = YES;
				INFOPLIST_KEY_UIApplicationSupportsIndirectInputEvents = YES;
				INFOPLIST_KEY_UILaunchScreen_Generation = YES;
				INFOPLIST_KEY_UISupportedInterfaceOrientations_iPad = "UIInterfaceOrientationPortrait UIInterfaceOrientationPortraitUpsideDown UIInterfaceOrientationLandscapeLeft UIInterfaceOrientationLandscapeRight";
				INFOPLIST_KEY_UISupportedInterfaceOrientations_iPhone = "UIInterfaceOrientationPortrait UIInterfaceOrientationLandscapeLeft UIInterfaceOrientationLandscapeRight";
				LD_RUNPATH_SEARCH_PATHS = (
					"$(inherited)",
					"@executable_path/Frameworks",
				);
				MARKETING_VERSION = 1.0;
				PRODUCT_BUNDLE_IDENTIFIER = "com.leroe.Fireside-Chat-v0";
				PRODUCT_NAME = "$(TARGET_NAME)";
				SWIFT_EMIT_LOC_STRINGS = YES;
				SWIFT_VERSION = 5.0;
				TARGETED_DEVICE_FAMILY = "1,2";
			};
			name = Release;
		};
/* End XCBuildConfiguration section */

/* Begin XCConfigurationList section */
		700242F929E9975400F39EB5 /* Build configuration list for PBXProject "Fireside_Chat_v0" */ = {
			isa = XCConfigurationList;
			buildConfigurations = (
				7002430F29E9975600F39EB5 /* Debug */,
				7002431029E9975600F39EB5 /* Release */,
			);
			defaultConfigurationIsVisible = 0;
			defaultConfigurationName = Release;
		};
		7002431129E9975600F39EB5 /* Build configuration list for PBXNativeTarget "Fireside_Chat_v0" */ = {
			isa = XCConfigurationList;
			buildConfigurations = (
				7002431229E9975600F39EB5 /* Debug */,
				7002431329E9975600F39EB5 /* Release */,
			);
			defaultConfigurationIsVisible = 0;
			defaultConfigurationName = Release;
		};
/* End XCConfigurationList section */

/* Begin XCVersionGroup section */
		7002430C29E9975600F39EB5 /* Fireside_Chat_v0.xcdatamodeld */ = {
			isa = XCVersionGroup;
			children = (
				7002430D29E9975600F39EB5 /* Fireside_Chat_v0.xcdatamodel */,
			);
			currentVersion = 7002430D29E9975600F39EB5 /* Fireside_Chat_v0.xcdatamodel */;
			path = Fireside_Chat_v0.xcdatamodeld;
			sourceTree = "<group>";
			versionGroupType = wrapper.xcdatamodel;
		};
/* End XCVersionGroup section */
	};
	rootObject = 700242F629E9975400F39EB5 /* Project object */;
}
